// !$*UTF8*$!
{
	archiveVersion = 1;
	classes = {
	};
	objectVersion = 56;
	objects = {

/* Begin PBXBuildFile section */
		001E1DF02B08728900D02AAE /* ScannerView.swift in Sources */ = {isa = PBXBuildFile; fileRef = 001E1DED2B08728900D02AAE /* ScannerView.swift */; };
		001E1DF12B08728900D02AAE /* ScanData.swift in Sources */ = {isa = PBXBuildFile; fileRef = 001E1DEE2B08728900D02AAE /* ScanData.swift */; };
		00ADD56B2B0873F600E2D4A6 /* FolderView.swift in Sources */ = {isa = PBXBuildFile; fileRef = 00ADD56A2B0873F600E2D4A6 /* FolderView.swift */; };
		C888E9D12AFB99CE007D8CB8 /* Our_Titled_ProjectApp.swift in Sources */ = {isa = PBXBuildFile; fileRef = C888E9D02AFB99CE007D8CB8 /* Our_Titled_ProjectApp.swift */; };
		C888E9D32AFB99CE007D8CB8 /* ContentView.swift in Sources */ = {isa = PBXBuildFile; fileRef = C888E9D22AFB99CE007D8CB8 /* ContentView.swift */; };
		C888E9D52AFB99D0007D8CB8 /* Assets.xcassets in Resources */ = {isa = PBXBuildFile; fileRef = C888E9D42AFB99D0007D8CB8 /* Assets.xcassets */; };
		C888E9D82AFB99D0007D8CB8 /* Preview Assets.xcassets in Resources */ = {isa = PBXBuildFile; fileRef = C888E9D72AFB99D0007D8CB8 /* Preview Assets.xcassets */; };
		C888E9E12AFB9CB8007D8CB8 /* ExamCalendarView.swift in Sources */ = {isa = PBXBuildFile; fileRef = C888E9E02AFB9CB8007D8CB8 /* ExamCalendarView.swift */; };
		C888E9E32AFB9F3C007D8CB8 /* HomeView.swift in Sources */ = {isa = PBXBuildFile; fileRef = C888E9E22AFB9F3C007D8CB8 /* HomeView.swift */; };
		C888E9E72AFBA052007D8CB8 /* StatsView.swift in Sources */ = {isa = PBXBuildFile; fileRef = C888E9E62AFBA052007D8CB8 /* StatsView.swift */; };
/* End PBXBuildFile section */

/* Begin PBXFileReference section */
		001E1DED2B08728900D02AAE /* ScannerView.swift */ = {isa = PBXFileReference; fileEncoding = 4; lastKnownFileType = sourcecode.swift; name = ScannerView.swift; path = "../../swiftui-videos/Scan Ocr/Scan-Ocr/ScannerView.swift"; sourceTree = "<group>"; };
		001E1DEE2B08728900D02AAE /* ScanData.swift */ = {isa = PBXFileReference; fileEncoding = 4; lastKnownFileType = sourcecode.swift; name = ScanData.swift; path = "../../swiftui-videos/Scan Ocr/Scan-Ocr/ScanData.swift"; sourceTree = "<group>"; };
		00ADD56A2B0873F600E2D4A6 /* FolderView.swift */ = {isa = PBXFileReference; lastKnownFileType = sourcecode.swift; path = FolderView.swift; sourceTree = "<group>"; };
		C888E9CD2AFB99CE007D8CB8 /* Our Titled Project.app */ = {isa = PBXFileReference; explicitFileType = wrapper.application; includeInIndex = 0; path = "Our Titled Project.app"; sourceTree = BUILT_PRODUCTS_DIR; };
		C888E9D02AFB99CE007D8CB8 /* Our_Titled_ProjectApp.swift */ = {isa = PBXFileReference; lastKnownFileType = sourcecode.swift; path = Our_Titled_ProjectApp.swift; sourceTree = "<group>"; };
		C888E9D22AFB99CE007D8CB8 /* ContentView.swift */ = {isa = PBXFileReference; lastKnownFileType = sourcecode.swift; path = ContentView.swift; sourceTree = "<group>"; };
		C888E9D42AFB99D0007D8CB8 /* Assets.xcassets */ = {isa = PBXFileReference; lastKnownFileType = folder.assetcatalog; path = Assets.xcassets; sourceTree = "<group>"; };
		C888E9D72AFB99D0007D8CB8 /* Preview Assets.xcassets */ = {isa = PBXFileReference; lastKnownFileType = folder.assetcatalog; path = "Preview Assets.xcassets"; sourceTree = "<group>"; };
		C888E9E02AFB9CB8007D8CB8 /* ExamCalendarView.swift */ = {isa = PBXFileReference; lastKnownFileType = sourcecode.swift; path = ExamCalendarView.swift; sourceTree = "<group>"; };
		C888E9E22AFB9F3C007D8CB8 /* HomeView.swift */ = {isa = PBXFileReference; lastKnownFileType = sourcecode.swift; path = HomeView.swift; sourceTree = "<group>"; };
		C888E9E62AFBA052007D8CB8 /* StatsView.swift */ = {isa = PBXFileReference; lastKnownFileType = sourcecode.swift; path = StatsView.swift; sourceTree = "<group>"; };
/* End PBXFileReference section */

/* Begin PBXFrameworksBuildPhase section */
		C888E9CA2AFB99CE007D8CB8 /* Frameworks */ = {
			isa = PBXFrameworksBuildPhase;
			buildActionMask = 2147483647;
			files = (
			);
			runOnlyForDeploymentPostprocessing = 0;
		};
/* End PBXFrameworksBuildPhase section */

/* Begin PBXGroup section */
		C888E9C42AFB99CE007D8CB8 = {
			isa = PBXGroup;
			children = (
				C888E9CF2AFB99CE007D8CB8 /* Our Titled Project */,
				C888E9CE2AFB99CE007D8CB8 /* Products */,
			);
			sourceTree = "<group>";
		};
		C888E9CE2AFB99CE007D8CB8 /* Products */ = {
			isa = PBXGroup;
			children = (
				C888E9CD2AFB99CE007D8CB8 /* Our Titled Project.app */,
			);
			name = Products;
			sourceTree = "<group>";
		};
		C888E9CF2AFB99CE007D8CB8 /* Our Titled Project */ = {
			isa = PBXGroup;
			children = (
				001E1DEE2B08728900D02AAE /* ScanData.swift */,
				001E1DED2B08728900D02AAE /* ScannerView.swift */,
				C888E9D02AFB99CE007D8CB8 /* Our_Titled_ProjectApp.swift */,
				00ADD56A2B0873F600E2D4A6 /* FolderView.swift */,
				C888E9D22AFB99CE007D8CB8 /* ContentView.swift */,
				C888E9E62AFBA052007D8CB8 /* StatsView.swift */,
				C888E9E22AFB9F3C007D8CB8 /* HomeView.swift */,
				C888E9E02AFB9CB8007D8CB8 /* ExamCalendarView.swift */,
				C888E9D42AFB99D0007D8CB8 /* Assets.xcassets */,
				C888E9D62AFB99D0007D8CB8 /* Preview Content */,
			);
			path = "Our Titled Project";
			sourceTree = "<group>";
		};
		C888E9D62AFB99D0007D8CB8 /* Preview Content */ = {
			isa = PBXGroup;
			children = (
				C888E9D72AFB99D0007D8CB8 /* Preview Assets.xcassets */,
			);
			path = "Preview Content";
			sourceTree = "<group>";
		};
/* End PBXGroup section */

/* Begin PBXNativeTarget section */
		C888E9CC2AFB99CE007D8CB8 /* Our Titled Project */ = {
			isa = PBXNativeTarget;
			buildConfigurationList = C888E9DB2AFB99D0007D8CB8 /* Build configuration list for PBXNativeTarget "Our Titled Project" */;
			buildPhases = (
				C888E9C92AFB99CE007D8CB8 /* Sources */,
				C888E9CA2AFB99CE007D8CB8 /* Frameworks */,
				C888E9CB2AFB99CE007D8CB8 /* Resources */,
			);
			buildRules = (
			);
			dependencies = (
			);
			name = "Our Titled Project";
			productName = "Our Titled Project";
			productReference = C888E9CD2AFB99CE007D8CB8 /* Our Titled Project.app */;
			productType = "com.apple.product-type.application";
		};
/* End PBXNativeTarget section */

/* Begin PBXProject section */
		C888E9C52AFB99CE007D8CB8 /* Project object */ = {
			isa = PBXProject;
			attributes = {
				BuildIndependentTargetsInParallel = 1;
				LastSwiftUpdateCheck = 1500;
				LastUpgradeCheck = 1500;
				TargetAttributes = {
					C888E9CC2AFB99CE007D8CB8 = {
						CreatedOnToolsVersion = 15.0.1;
					};
				};
			};
			buildConfigurationList = C888E9C82AFB99CE007D8CB8 /* Build configuration list for PBXProject "Our Titled Project" */;
			compatibilityVersion = "Xcode 14.0";
			developmentRegion = en;
			hasScannedForEncodings = 0;
			knownRegions = (
				en,
				Base,
			);
			mainGroup = C888E9C42AFB99CE007D8CB8;
			productRefGroup = C888E9CE2AFB99CE007D8CB8 /* Products */;
			projectDirPath = "";
			projectRoot = "";
			targets = (
				C888E9CC2AFB99CE007D8CB8 /* Our Titled Project */,
			);
		};
/* End PBXProject section */

/* Begin PBXResourcesBuildPhase section */
		C888E9CB2AFB99CE007D8CB8 /* Resources */ = {
			isa = PBXResourcesBuildPhase;
			buildActionMask = 2147483647;
			files = (
				C888E9D82AFB99D0007D8CB8 /* Preview Assets.xcassets in Resources */,
				C888E9D52AFB99D0007D8CB8 /* Assets.xcassets in Resources */,
			);
			runOnlyForDeploymentPostprocessing = 0;
		};
/* End PBXResourcesBuildPhase section */

/* Begin PBXSourcesBuildPhase section */
		C888E9C92AFB99CE007D8CB8 /* Sources */ = {
			isa = PBXSourcesBuildPhase;
			buildActionMask = 2147483647;
			files = (
				C888E9D32AFB99CE007D8CB8 /* ContentView.swift in Sources */,
				001E1DF02B08728900D02AAE /* ScannerView.swift in Sources */,
				C888E9D12AFB99CE007D8CB8 /* Our_Titled_ProjectApp.swift in Sources */,
				00ADD56B2B0873F600E2D4A6 /* FolderView.swift in Sources */,
				C888E9E12AFB9CB8007D8CB8 /* ExamCalendarView.swift in Sources */,
				C888E9E32AFB9F3C007D8CB8 /* HomeView.swift in Sources */,
				C888E9E72AFBA052007D8CB8 /* StatsView.swift in Sources */,
				001E1DF12B08728900D02AAE /* ScanData.swift in Sources */,
			);
			runOnlyForDeploymentPostprocessing = 0;
		};
/* End PBXSourcesBuildPhase section */

/* Begin XCBuildConfiguration section */
		C888E9D92AFB99D0007D8CB8 /* Debug */ = {
			isa = XCBuildConfiguration;
			buildSettings = {
				ALWAYS_SEARCH_USER_PATHS = NO;
				ASSETCATALOG_COMPILER_GENERATE_SWIFT_ASSET_SYMBOL_EXTENSIONS = YES;
				CLANG_ANALYZER_NONNULL = YES;
				CLANG_ANALYZER_NUMBER_OBJECT_CONVERSION = YES_AGGRESSIVE;
				CLANG_CXX_LANGUAGE_STANDARD = "gnu++20";
				CLANG_ENABLE_MODULES = YES;
				CLANG_ENABLE_OBJC_ARC = YES;
				CLANG_ENABLE_OBJC_WEAK = YES;
				CLANG_WARN_BLOCK_CAPTURE_AUTORELEASING = YES;
				CLANG_WARN_BOOL_CONVERSION = YES;
				CLANG_WARN_COMMA = YES;
				CLANG_WARN_CONSTANT_CONVERSION = YES;
				CLANG_WARN_DEPRECATED_OBJC_IMPLEMENTATIONS = YES;
				CLANG_WARN_DIRECT_OBJC_ISA_USAGE = YES_ERROR;
				CLANG_WARN_DOCUMENTATION_COMMENTS = YES;
				CLANG_WARN_EMPTY_BODY = YES;
				CLANG_WARN_ENUM_CONVERSION = YES;
				CLANG_WARN_INFINITE_RECURSION = YES;
				CLANG_WARN_INT_CONVERSION = YES;
				CLANG_WARN_NON_LITERAL_NULL_CONVERSION = YES;
				CLANG_WARN_OBJC_IMPLICIT_RETAIN_SELF = YES;
				CLANG_WARN_OBJC_LITERAL_CONVERSION = YES;
				CLANG_WARN_OBJC_ROOT_CLASS = YES_ERROR;
				CLANG_WARN_QUOTED_INCLUDE_IN_FRAMEWORK_HEADER = YES;
				CLANG_WARN_RANGE_LOOP_ANALYSIS = YES;
				CLANG_WARN_STRICT_PROTOTYPES = YES;
				CLANG_WARN_SUSPICIOUS_MOVE = YES;
				CLANG_WARN_UNGUARDED_AVAILABILITY = YES_AGGRESSIVE;
				CLANG_WARN_UNREACHABLE_CODE = YES;
				CLANG_WARN__DUPLICATE_METHOD_MATCH = YES;
				COPY_PHASE_STRIP = NO;
				DEBUG_INFORMATION_FORMAT = dwarf;
				ENABLE_STRICT_OBJC_MSGSEND = YES;
				ENABLE_TESTABILITY = YES;
				ENABLE_USER_SCRIPT_SANDBOXING = YES;
				GCC_C_LANGUAGE_STANDARD = gnu17;
				GCC_DYNAMIC_NO_PIC = NO;
				GCC_NO_COMMON_BLOCKS = YES;
				GCC_OPTIMIZATION_LEVEL = 0;
				GCC_PREPROCESSOR_DEFINITIONS = (
					"DEBUG=1",
					"$(inherited)",
				);
				GCC_WARN_64_TO_32_BIT_CONVERSION = YES;
				GCC_WARN_ABOUT_RETURN_TYPE = YES_ERROR;
				GCC_WARN_UNDECLARED_SELECTOR = YES;
				GCC_WARN_UNINITIALIZED_AUTOS = YES_AGGRESSIVE;
				GCC_WARN_UNUSED_FUNCTION = YES;
				GCC_WARN_UNUSED_VARIABLE = YES;
				IPHONEOS_DEPLOYMENT_TARGET = 17.0;
				LOCALIZATION_PREFERS_STRING_CATALOGS = YES;
				MTL_ENABLE_DEBUG_INFO = INCLUDE_SOURCE;
				MTL_FAST_MATH = YES;
				ONLY_ACTIVE_ARCH = YES;
				SDKROOT = iphoneos;
				SWIFT_ACTIVE_COMPILATION_CONDITIONS = "DEBUG $(inherited)";
				SWIFT_OPTIMIZATION_LEVEL = "-Onone";
			};
			name = Debug;
		};
		C888E9DA2AFB99D0007D8CB8 /* Release */ = {
			isa = XCBuildConfiguration;
			buildSettings = {
				ALWAYS_SEARCH_USER_PATHS = NO;
				ASSETCATALOG_COMPILER_GENERATE_SWIFT_ASSET_SYMBOL_EXTENSIONS = YES;
				CLANG_ANALYZER_NONNULL = YES;
				CLANG_ANALYZER_NUMBER_OBJECT_CONVERSION = YES_AGGRESSIVE;
				CLANG_CXX_LANGUAGE_STANDARD = "gnu++20";
				CLANG_ENABLE_MODULES = YES;
				CLANG_ENABLE_OBJC_ARC = YES;
				CLANG_ENABLE_OBJC_WEAK = YES;
				CLANG_WARN_BLOCK_CAPTURE_AUTORELEASING = YES;
				CLANG_WARN_BOOL_CONVERSION = YES;
				CLANG_WARN_COMMA = YES;
				CLANG_WARN_CONSTANT_CONVERSION = YES;
				CLANG_WARN_DEPRECATED_OBJC_IMPLEMENTATIONS = YES;
				CLANG_WARN_DIRECT_OBJC_ISA_USAGE = YES_ERROR;
				CLANG_WARN_DOCUMENTATION_COMMENTS = YES;
				CLANG_WARN_EMPTY_BODY = YES;
				CLANG_WARN_ENUM_CONVERSION = YES;
				CLANG_WARN_INFINITE_RECURSION = YES;
				CLANG_WARN_INT_CONVERSION = YES;
				CLANG_WARN_NON_LITERAL_NULL_CONVERSION = YES;
				CLANG_WARN_OBJC_IMPLICIT_RETAIN_SELF = YES;
				CLANG_WARN_OBJC_LITERAL_CONVERSION = YES;
				CLANG_WARN_OBJC_ROOT_CLASS = YES_ERROR;
				CLANG_WARN_QUOTED_INCLUDE_IN_FRAMEWORK_HEADER = YES;
				CLANG_WARN_RANGE_LOOP_ANALYSIS = YES;
				CLANG_WARN_STRICT_PROTOTYPES = YES;
				CLANG_WARN_SUSPICIOUS_MOVE = YES;
				CLANG_WARN_UNGUARDED_AVAILABILITY = YES_AGGRESSIVE;
				CLANG_WARN_UNREACHABLE_CODE = YES;
				CLANG_WARN__DUPLICATE_METHOD_MATCH = YES;
				COPY_PHASE_STRIP = NO;
				DEBUG_INFORMATION_FORMAT = "dwarf-with-dsym";
				ENABLE_NS_ASSERTIONS = NO;
				ENABLE_STRICT_OBJC_MSGSEND = YES;
				ENABLE_USER_SCRIPT_SANDBOXING = YES;
				GCC_C_LANGUAGE_STANDARD = gnu17;
				GCC_NO_COMMON_BLOCKS = YES;
				GCC_WARN_64_TO_32_BIT_CONVERSION = YES;
				GCC_WARN_ABOUT_RETURN_TYPE = YES_ERROR;
				GCC_WARN_UNDECLARED_SELECTOR = YES;
				GCC_WARN_UNINITIALIZED_AUTOS = YES_AGGRESSIVE;
				GCC_WARN_UNUSED_FUNCTION = YES;
				GCC_WARN_UNUSED_VARIABLE = YES;
				IPHONEOS_DEPLOYMENT_TARGET = 17.0;
				LOCALIZATION_PREFERS_STRING_CATALOGS = YES;
				MTL_ENABLE_DEBUG_INFO = NO;
				MTL_FAST_MATH = YES;
				SDKROOT = iphoneos;
				SWIFT_COMPILATION_MODE = wholemodule;
				VALIDATE_PRODUCT = YES;
			};
			name = Release;
		};
		C888E9DC2AFB99D0007D8CB8 /* Debug */ = {
			isa = XCBuildConfiguration;
			buildSettings = {
				ASSETCATALOG_COMPILER_APPICON_NAME = AppIcon;
				ASSETCATALOG_COMPILER_GLOBAL_ACCENT_COLOR_NAME = AccentColor;
				CODE_SIGN_IDENTITY = "Apple Development";
				CODE_SIGN_STYLE = Automatic;
				CURRENT_PROJECT_VERSION = 1;
				DEVELOPMENT_ASSET_PATHS = "\"Our Titled Project/Preview Content\"";
				DEVELOPMENT_TEAM = 37822KKR43;
				ENABLE_PREVIEWS = YES;
				GENERATE_INFOPLIST_FILE = YES;
				INFOPLIST_KEY_CFBundleDisplayName = Reviser;
				INFOPLIST_KEY_NSCameraUsageDescription = "Camera is used to scan your worksheets";
				INFOPLIST_KEY_UIApplicationSceneManifest_Generation = YES;
				INFOPLIST_KEY_UIApplicationSupportsIndirectInputEvents = YES;
				INFOPLIST_KEY_UILaunchScreen_Generation = YES;
				INFOPLIST_KEY_UISupportedInterfaceOrientations_iPad = "UIInterfaceOrientationPortrait UIInterfaceOrientationPortraitUpsideDown UIInterfaceOrientationLandscapeLeft UIInterfaceOrientationLandscapeRight";
				INFOPLIST_KEY_UISupportedInterfaceOrientations_iPhone = "UIInterfaceOrientationPortrait UIInterfaceOrientationLandscapeLeft UIInterfaceOrientationLandscapeRight";
				LD_RUNPATH_SEARCH_PATHS = (
					"$(inherited)",
					"@executable_path/Frameworks",
				);
				MARKETING_VERSION = 1.0;
				PRODUCT_BUNDLE_IDENTIFIER = "Vensah.Our-Titled-Project";
				PRODUCT_NAME = "$(TARGET_NAME)";
				PROVISIONING_PROFILE_SPECIFIER = "";
				SWIFT_EMIT_LOC_STRINGS = YES;
				SWIFT_VERSION = 5.0;
				TARGETED_DEVICE_FAMILY = "1,2";
			};
			name = Debug;
		};
		C888E9DD2AFB99D0007D8CB8 /* Release */ = {
			isa = XCBuildConfiguration;
			buildSettings = {
				ASSETCATALOG_COMPILER_APPICON_NAME = AppIcon;
				ASSETCATALOG_COMPILER_GLOBAL_ACCENT_COLOR_NAME = AccentColor;
				CODE_SIGN_IDENTITY = "Apple Development";
				CODE_SIGN_STYLE = Automatic;
				CURRENT_PROJECT_VERSION = 1;
				DEVELOPMENT_ASSET_PATHS = "\"Our Titled Project/Preview Content\"";
				DEVELOPMENT_TEAM = 37822KKR43;
				ENABLE_PREVIEWS = YES;
				GENERATE_INFOPLIST_FILE = YES;
				INFOPLIST_KEY_CFBundleDisplayName = Reviser;
				INFOPLIST_KEY_NSCameraUsageDescription = "Camera is used to scan your worksheets";
				INFOPLIST_KEY_UIApplicationSceneManifest_Generation = YES;
				INFOPLIST_KEY_UIApplicationSupportsIndirectInputEvents = YES;
				INFOPLIST_KEY_UILaunchScreen_Generation = YES;
				INFOPLIST_KEY_UISupportedInterfaceOrientations_iPad = "UIInterfaceOrientationPortrait UIInterfaceOrientationPortraitUpsideDown UIInterfaceOrientationLandscapeLeft UIInterfaceOrientationLandscapeRight";
				INFOPLIST_KEY_UISupportedInterfaceOrientations_iPhone = "UIInterfaceOrientationPortrait UIInterfaceOrientationLandscapeLeft UIInterfaceOrientationLandscapeRight";
				LD_RUNPATH_SEARCH_PATHS = (
					"$(inherited)",
					"@executable_path/Frameworks",
				);
				MARKETING_VERSION = 1.0;
				PRODUCT_BUNDLE_IDENTIFIER = "Vensah.Our-Titled-Project";
				PRODUCT_NAME = "$(TARGET_NAME)";
				PROVISIONING_PROFILE_SPECIFIER = "";
				SWIFT_EMIT_LOC_STRINGS = YES;
				SWIFT_VERSION = 5.0;
				TARGETED_DEVICE_FAMILY = "1,2";
			};
			name = Release;
		};
/* End XCBuildConfiguration section */

/* Begin XCConfigurationList section */
		C888E9C82AFB99CE007D8CB8 /* Build configuration list for PBXProject "Our Titled Project" */ = {
			isa = XCConfigurationList;
			buildConfigurations = (
				C888E9D92AFB99D0007D8CB8 /* Debug */,
				C888E9DA2AFB99D0007D8CB8 /* Release */,
			);
			defaultConfigurationIsVisible = 0;
			defaultConfigurationName = Release;
		};
		C888E9DB2AFB99D0007D8CB8 /* Build configuration list for PBXNativeTarget "Our Titled Project" */ = {
			isa = XCConfigurationList;
			buildConfigurations = (
				C888E9DC2AFB99D0007D8CB8 /* Debug */,
				C888E9DD2AFB99D0007D8CB8 /* Release */,
			);
			defaultConfigurationIsVisible = 0;
			defaultConfigurationName = Release;
		};
/* End XCConfigurationList section */
	};
	rootObject = C888E9C52AFB99CE007D8CB8 /* Project object */;
}
